dependencies:
  idf:
    source:
      type: idf
    version: 5.2.0
  lvgl/lvgl:
    component_hash: d7c1ac037ae6e85d94897f807d6e7ba0946a83e720074fc95a4f6241da9f9f53
    dependencies: []
    source:
      registry_url: https://components.espressif.com/
      type: service
    version: 8.4.0
direct_dependencies:
- idf
- lvgl/lvgl
manifest_hash: 6660adcf14aa7df2a01c7b40ee2dc74f9759dd04842831053a87330a22123996
target: esp32s3
version: 2.0.0
